{
  "object": {
    "pins": [
      {
        "package": "EasyStash",
        "repositoryURL": "https://github.com/onmyway133/EasyStash",
        "state": {
          "branch": null,
          "revision": "c7230d65d4c2c143ac395e870a7b2bd8cf0c139e",
          "version": "1.1.8"
        }
      },
      {
        "package": "Kingfisher",
        "repositoryURL": "https://github.com/onevcat/Kingfisher",
        "state": {
          "branch": null,
          "revision": "0be276f6a7fd54af4c3eb03f2d12e12d8c8a1a1d",
          "version": "6.0.1"
        }
      }
    ]
  },
  "version": 1
}
